
Microsoft Visual Studio Solution File, Format Version 12.00
# Visual Studio Version 16
VisualStudioVersion = 16.0.31424.327
MinimumVisualStudioVersion = 10.0.40219.1
Project("{FAE04EC0-301F-11D3-BF4B-00C04F79EFBC}") = "DoDMonsters", "DoDMonsters\DoDMonsters.csproj", "{6565AAA9-47D5-47C9-8A6A-AA7C566CFB61}"
EndProject
Project("{FAE04EC0-301F-11D3-BF4B-00C04F79EFBC}") = "ThemedBuildPieces", "ThemedBuildPieces\ThemedBuildPieces.csproj", "{0ADBEB93-2780-499A-AA3A-63879D3ECE29}"
EndProject
Project("{FAE04EC0-301F-11D3-BF4B-00C04F79EFBC}") = "DoDShields", "DoDShields\DoDShields.csproj", "{20F9CB5F-72EE-49B1-A5FF-4C7D9205F006}"
EndProject
Project("{FAE04EC0-301F-11D3-BF4B-00C04F79EFBC}") = "InstancedVillages", "InstancedVillage\InstancedVillages.csproj", "{097516DC-4C2A-4DE9-AD8B-82EDB1EC2BC9}"
EndProject
Project("{FAE04EC0-301F-11D3-BF4B-00C04F79EFBC}") = "DoDBiomes", "DoOrDieLocations\DoDBiomes.csproj", "{7C5850C3-F8E2-4A83-BCB1-6CE96AB5E660}"
EndProject
Project("{FAE04EC0-301F-11D3-BF4B-00C04F79EFBC}") = "DoDSoloExperience", "DoDSoloExperience\DoDSoloExperience.csproj", "{2F1E8D65-5758-4359-9DE6-B342D3EAB386}"
EndProject
Project("{FAE04EC0-301F-11D3-BF4B-00C04F79EFBC}") = "Friendlies", "..\Friendlies\Friendlies.csproj", "{F166F7C8-6B1B-40C5-A4E1-3E34512498C1}"
EndProject
Project("{FAE04EC0-301F-11D3-BF4B-00C04F79EFBC}") = "FriendliesAI", "..\FriendliesAI\FriendliesAI.csproj", "{44FCC8C9-0EC2-46FA-B832-2A0A452E394F}"
EndProject
Project("{FAE04EC0-301F-11D3-BF4B-00C04F79EFBC}") = "BrynServer", "BrynServer\BrynServer.csproj", "{492F36AB-5FCE-4F82-9EA0-4941A3B9138D}"
EndProject
Project("{FAE04EC0-301F-11D3-BF4B-00C04F79EFBC}") = "FantasyArmoury", "FantasyArmoury\FantasyArmoury.csproj", "{D9BA7800-3EE9-47F8-BF54-D186F07DC8B2}"
EndProject
Project("{FAE04EC0-301F-11D3-BF4B-00C04F79EFBC}") = "Wildlife", "Wildlife\Wildlife.csproj", "{F247181F-9DA0-443A-8CD2-7B38A43A08C5}"
EndProject
Project("{FAE04EC0-301F-11D3-BF4B-00C04F79EFBC}") = "CatsAndDogs", "CatsAndDogs\CatsAndDogs.csproj", "{40365863-0956-42F8-A415-6A172624EAB0}"
EndProject
Project("{FAE04EC0-301F-11D3-BF4B-00C04F79EFBC}") = "FantasyCreatures", "FantasyCreatures\FantasyCreatures.csproj", "{94817582-02D9-45C5-9BF2-6647733FACE4}"
EndProject
Project("{FAE04EC0-301F-11D3-BF4B-00C04F79EFBC}") = "DoDNPCBosses", "DoDNPCBosses\DoDNPCBosses.csproj", "{9A55E7AC-3CFD-4087-B909-7A6C9B4D3259}"
EndProject
Project("{FAE04EC0-301F-11D3-BF4B-00C04F79EFBC}") = "DoDItems", "DoDItems\DoDItems.csproj", "{04633DA0-EDC9-429F-AA97-E2314F7F7038}"
EndProject
Project("{FAE04EC0-301F-11D3-BF4B-00C04F79EFBC}") = "Stronghold", "Stronghold\Stronghold.csproj", "{00BCC2EC-6F92-4EEE-86CA-B5405E894986}"
EndProject
Project("{FAE04EC0-301F-11D3-BF4B-00C04F79EFBC}") = "InstancedVillages2k", "InstancedVillage2k\InstancedVillages2k.csproj", "{23E8A4A0-D073-4C37-B187-2B5E2EC99868}"
EndProject
Project("{FAE04EC0-301F-11D3-BF4B-00C04F79EFBC}") = "FarmyardAnimals", "FarmyardAnimals\FarmyardAnimals.csproj", "{7BA936CC-9CA2-4507-A8D2-95CF6832E419}"
EndProject
Project("{FAE04EC0-301F-11D3-BF4B-00C04F79EFBC}") = "Giants", "Giants\Giants.csproj", "{93B38300-D100-41CF-9AF8-FC94A4313C21}"
EndProject
Global
	GlobalSection(SolutionConfigurationPlatforms) = preSolution
		Debug|Any CPU = Debug|Any CPU
		Release|Any CPU = Release|Any CPU
	EndGlobalSection
	GlobalSection(ProjectConfigurationPlatforms) = postSolution
		{6565AAA9-47D5-47C9-8A6A-AA7C566CFB61}.Debug|Any CPU.ActiveCfg = Debug|Any CPU
		{6565AAA9-47D5-47C9-8A6A-AA7C566CFB61}.Debug|Any CPU.Build.0 = Debug|Any CPU
		{6565AAA9-47D5-47C9-8A6A-AA7C566CFB61}.Release|Any CPU.ActiveCfg = Release|Any CPU
		{6565AAA9-47D5-47C9-8A6A-AA7C566CFB61}.Release|Any CPU.Build.0 = Release|Any CPU
		{0ADBEB93-2780-499A-AA3A-63879D3ECE29}.Debug|Any CPU.ActiveCfg = Debug|Any CPU
		{0ADBEB93-2780-499A-AA3A-63879D3ECE29}.Debug|Any CPU.Build.0 = Debug|Any CPU
		{0ADBEB93-2780-499A-AA3A-63879D3ECE29}.Release|Any CPU.ActiveCfg = Release|Any CPU
		{0ADBEB93-2780-499A-AA3A-63879D3ECE29}.Release|Any CPU.Build.0 = Release|Any CPU
		{20F9CB5F-72EE-49B1-A5FF-4C7D9205F006}.Debug|Any CPU.ActiveCfg = Debug|Any CPU
		{20F9CB5F-72EE-49B1-A5FF-4C7D9205F006}.Debug|Any CPU.Build.0 = Debug|Any CPU
		{20F9CB5F-72EE-49B1-A5FF-4C7D9205F006}.Release|Any CPU.ActiveCfg = Release|Any CPU
		{20F9CB5F-72EE-49B1-A5FF-4C7D9205F006}.Release|Any CPU.Build.0 = Release|Any CPU
		{097516DC-4C2A-4DE9-AD8B-82EDB1EC2BC9}.Debug|Any CPU.ActiveCfg = Debug|Any CPU
		{097516DC-4C2A-4DE9-AD8B-82EDB1EC2BC9}.Debug|Any CPU.Build.0 = Debug|Any CPU
		{097516DC-4C2A-4DE9-AD8B-82EDB1EC2BC9}.Release|Any CPU.ActiveCfg = Release|Any CPU
		{097516DC-4C2A-4DE9-AD8B-82EDB1EC2BC9}.Release|Any CPU.Build.0 = Release|Any CPU
		{7C5850C3-F8E2-4A83-BCB1-6CE96AB5E660}.Debug|Any CPU.ActiveCfg = Debug|Any CPU
		{7C5850C3-F8E2-4A83-BCB1-6CE96AB5E660}.Debug|Any CPU.Build.0 = Debug|Any CPU
		{7C5850C3-F8E2-4A83-BCB1-6CE96AB5E660}.Release|Any CPU.ActiveCfg = Release|Any CPU
		{7C5850C3-F8E2-4A83-BCB1-6CE96AB5E660}.Release|Any CPU.Build.0 = Release|Any CPU
		{2F1E8D65-5758-4359-9DE6-B342D3EAB386}.Debug|Any CPU.ActiveCfg = Debug|Any CPU
		{2F1E8D65-5758-4359-9DE6-B342D3EAB386}.Debug|Any CPU.Build.0 = Debug|Any CPU
		{2F1E8D65-5758-4359-9DE6-B342D3EAB386}.Release|Any CPU.ActiveCfg = Release|Any CPU
		{2F1E8D65-5758-4359-9DE6-B342D3EAB386}.Release|Any CPU.Build.0 = Release|Any CPU
		{F166F7C8-6B1B-40C5-A4E1-3E34512498C1}.Debug|Any CPU.ActiveCfg = Debug|Any CPU
		{F166F7C8-6B1B-40C5-A4E1-3E34512498C1}.Debug|Any CPU.Build.0 = Debug|Any CPU
		{F166F7C8-6B1B-40C5-A4E1-3E34512498C1}.Release|Any CPU.ActiveCfg = Release|Any CPU
		{F166F7C8-6B1B-40C5-A4E1-3E34512498C1}.Release|Any CPU.Build.0 = Release|Any CPU
		{44FCC8C9-0EC2-46FA-B832-2A0A452E394F}.Debug|Any CPU.ActiveCfg = Debug|Any CPU
		{44FCC8C9-0EC2-46FA-B832-2A0A452E394F}.Debug|Any CPU.Build.0 = Debug|Any CPU
		{44FCC8C9-0EC2-46FA-B832-2A0A452E394F}.Release|Any CPU.ActiveCfg = Release|Any CPU
		{44FCC8C9-0EC2-46FA-B832-2A0A452E394F}.Release|Any CPU.Build.0 = Release|Any CPU
		{492F36AB-5FCE-4F82-9EA0-4941A3B9138D}.Debug|Any CPU.ActiveCfg = Debug|Any CPU
		{492F36AB-5FCE-4F82-9EA0-4941A3B9138D}.Debug|Any CPU.Build.0 = Debug|Any CPU
		{492F36AB-5FCE-4F82-9EA0-4941A3B9138D}.Release|Any CPU.ActiveCfg = Release|Any CPU
		{492F36AB-5FCE-4F82-9EA0-4941A3B9138D}.Release|Any CPU.Build.0 = Release|Any CPU
		{D9BA7800-3EE9-47F8-BF54-D186F07DC8B2}.Debug|Any CPU.ActiveCfg = Debug|Any CPU
		{D9BA7800-3EE9-47F8-BF54-D186F07DC8B2}.Debug|Any CPU.Build.0 = Debug|Any CPU
		{D9BA7800-3EE9-47F8-BF54-D186F07DC8B2}.Release|Any CPU.ActiveCfg = Release|Any CPU
		{D9BA7800-3EE9-47F8-BF54-D186F07DC8B2}.Release|Any CPU.Build.0 = Release|Any CPU
		{F247181F-9DA0-443A-8CD2-7B38A43A08C5}.Debug|Any CPU.ActiveCfg = Debug|Any CPU
		{F247181F-9DA0-443A-8CD2-7B38A43A08C5}.Debug|Any CPU.Build.0 = Debug|Any CPU
		{F247181F-9DA0-443A-8CD2-7B38A43A08C5}.Release|Any CPU.ActiveCfg = Release|Any CPU
		{F247181F-9DA0-443A-8CD2-7B38A43A08C5}.Release|Any CPU.Build.0 = Release|Any CPU
		{40365863-0956-42F8-A415-6A172624EAB0}.Debug|Any CPU.ActiveCfg = Debug|Any CPU
		{40365863-0956-42F8-A415-6A172624EAB0}.Debug|Any CPU.Build.0 = Debug|Any CPU
		{40365863-0956-42F8-A415-6A172624EAB0}.Release|Any CPU.ActiveCfg = Release|Any CPU
		{40365863-0956-42F8-A415-6A172624EAB0}.Release|Any CPU.Build.0 = Release|Any CPU
		{94817582-02D9-45C5-9BF2-6647733FACE4}.Debug|Any CPU.ActiveCfg = Debug|Any CPU
		{94817582-02D9-45C5-9BF2-6647733FACE4}.Debug|Any CPU.Build.0 = Debug|Any CPU
		{94817582-02D9-45C5-9BF2-6647733FACE4}.Release|Any CPU.ActiveCfg = Release|Any CPU
		{94817582-02D9-45C5-9BF2-6647733FACE4}.Release|Any CPU.Build.0 = Release|Any CPU
		{9A55E7AC-3CFD-4087-B909-7A6C9B4D3259}.Debug|Any CPU.ActiveCfg = Debug|Any CPU
		{9A55E7AC-3CFD-4087-B909-7A6C9B4D3259}.Debug|Any CPU.Build.0 = Debug|Any CPU
		{9A55E7AC-3CFD-4087-B909-7A6C9B4D3259}.Release|Any CPU.ActiveCfg = Release|Any CPU
		{9A55E7AC-3CFD-4087-B909-7A6C9B4D3259}.Release|Any CPU.Build.0 = Release|Any CPU
		{04633DA0-EDC9-429F-AA97-E2314F7F7038}.Debug|Any CPU.ActiveCfg = Debug|Any CPU
		{04633DA0-EDC9-429F-AA97-E2314F7F7038}.Debug|Any CPU.Build.0 = Debug|Any CPU
		{04633DA0-EDC9-429F-AA97-E2314F7F7038}.Release|Any CPU.ActiveCfg = Release|Any CPU
		{04633DA0-EDC9-429F-AA97-E2314F7F7038}.Release|Any CPU.Build.0 = Release|Any CPU
		{00BCC2EC-6F92-4EEE-86CA-B5405E894986}.Debug|Any CPU.ActiveCfg = Debug|Any CPU
		{00BCC2EC-6F92-4EEE-86CA-B5405E894986}.Debug|Any CPU.Build.0 = Debug|Any CPU
		{00BCC2EC-6F92-4EEE-86CA-B5405E894986}.Release|Any CPU.ActiveCfg = Release|Any CPU
		{00BCC2EC-6F92-4EEE-86CA-B5405E894986}.Release|Any CPU.Build.0 = Release|Any CPU
		{23E8A4A0-D073-4C37-B187-2B5E2EC99868}.Debug|Any CPU.ActiveCfg = Debug|Any CPU
		{23E8A4A0-D073-4C37-B187-2B5E2EC99868}.Debug|Any CPU.Build.0 = Debug|Any CPU
		{23E8A4A0-D073-4C37-B187-2B5E2EC99868}.Release|Any CPU.ActiveCfg = Release|Any CPU
		{23E8A4A0-D073-4C37-B187-2B5E2EC99868}.Release|Any CPU.Build.0 = Release|Any CPU
		{7BA936CC-9CA2-4507-A8D2-95CF6832E419}.Debug|Any CPU.ActiveCfg = Debug|Any CPU
		{7BA936CC-9CA2-4507-A8D2-95CF6832E419}.Debug|Any CPU.Build.0 = Debug|Any CPU
		{7BA936CC-9CA2-4507-A8D2-95CF6832E419}.Release|Any CPU.ActiveCfg = Release|Any CPU
		{7BA936CC-9CA2-4507-A8D2-95CF6832E419}.Release|Any CPU.Build.0 = Release|Any CPU
		{93B38300-D100-41CF-9AF8-FC94A4313C21}.Debug|Any CPU.ActiveCfg = Debug|Any CPU
		{93B38300-D100-41CF-9AF8-FC94A4313C21}.Debug|Any CPU.Build.0 = Debug|Any CPU
		{93B38300-D100-41CF-9AF8-FC94A4313C21}.Release|Any CPU.ActiveCfg = Release|Any CPU
		{93B38300-D100-41CF-9AF8-FC94A4313C21}.Release|Any CPU.Build.0 = Release|Any CPU
	EndGlobalSection
	GlobalSection(SolutionProperties) = preSolution
		HideSolutionNode = FALSE
	EndGlobalSection
	GlobalSection(ExtensibilityGlobals) = postSolution
		SolutionGuid = {2A8567F0-4AB9-4A06-A674-0E016643C0A6}
	EndGlobalSection
EndGlobal
